
Microsoft Visual Studio Solution File, Format Version 12.00
# Visual Studio Version 17
VisualStudioVersion = 17.5.33627.172
MinimumVisualStudioVersion = 10.0.40219.1
Project("{FAE04EC0-301F-11D3-BF4B-00C04F79EFBC}") = "PrimeiroMVCApp", "PrimeiroMVCApp\PrimeiroMVCApp.csproj", "{A5629B74-9914-4CFC-8E76-4D027A8E0088}"
EndProject
Global
	GlobalSection(SolutionConfigurationPlatforms) = preSolution
		Debug|Any CPU = Debug|Any CPU
		Release|Any CPU = Release|Any CPU
	EndGlobalSection
	GlobalSection(ProjectConfigurationPlatforms) = postSolution
		{A5629B74-9914-4CFC-8E76-4D027A8E0088}.Debug|Any CPU.ActiveCfg = Debug|Any CPU
		{A5629B74-9914-4CFC-8E76-4D027A8E0088}.Debug|Any CPU.Build.0 = Debug|Any CPU
		{A5629B74-9914-4CFC-8E76-4D027A8E0088}.Release|Any CPU.ActiveCfg = Release|Any CPU
		{A5629B74-9914-4CFC-8E76-4D027A8E0088}.Release|Any CPU.Build.0 = Release|Any CPU
	EndGlobalSection
	GlobalSection(SolutionProperties) = preSolution
		HideSolutionNode = FALSE
	EndGlobalSection
	GlobalSection(ExtensibilityGlobals) = postSolution
		SolutionGuid = {ABE05FE0-C88E-4B94-A62A-F989E7408479}
	EndGlobalSection
EndGlobal
